// !$*UTF8*$!
{
	archiveVersion = 1;
	classes = {
	};
	objectVersion = 77;
	objects = {

/* Begin PBXContainerItemProxy section */
		61D54EAB2D5492B10093FE17 /* PBXContainerItemProxy */ = {
			isa = PBXContainerItemProxy;
			containerPortal = 61D54E902D5492AF0093FE17 /* Project object */;
			proxyType = 1;
			remoteGlobalIDString = 61D54E972D5492AF0093FE17;
			remoteInfo = BrunoAppIos;
		};
		61D54EB52D5492B10093FE17 /* PBXContainerItemProxy */ = {
			isa = PBXContainerItemProxy;
			containerPortal = 61D54E902D5492AF0093FE17 /* Project object */;
			proxyType = 1;
			remoteGlobalIDString = 61D54E972D5492AF0093FE17;
			remoteInfo = BrunoAppIos;
		};
/* End PBXContainerItemProxy section */

/* Begin PBXFileReference section */
		61D54E982D5492AF0093FE17 /* BrunoAppIos.app */ = {isa = PBXFileReference; explicitFileType = wrapper.application; includeInIndex = 0; path = BrunoAppIos.app; sourceTree = BUILT_PRODUCTS_DIR; };
		61D54EAA2D5492B10093FE17 /* BrunoAppIosTests.xctest */ = {isa = PBXFileReference; explicitFileType = wrapper.cfbundle; includeInIndex = 0; path = BrunoAppIosTests.xctest; sourceTree = BUILT_PRODUCTS_DIR; };
		61D54EB42D5492B10093FE17 /* BrunoAppIosUITests.xctest */ = {isa = PBXFileReference; explicitFileType = wrapper.cfbundle; includeInIndex = 0; path = BrunoAppIosUITests.xctest; sourceTree = BUILT_PRODUCTS_DIR; };
/* End PBXFileReference section */

/* Begin PBXFileSystemSynchronizedRootGroup section */
		61D54E9A2D5492AF0093FE17 /* BrunoAppIos */ = {
			isa = PBXFileSystemSynchronizedRootGroup;
			path = BrunoAppIos;
			sourceTree = "<group>";
		};
		61D54EAD2D5492B10093FE17 /* BrunoAppIosTests */ = {
			isa = PBXFileSystemSynchronizedRootGroup;
			path = BrunoAppIosTests;
			sourceTree = "<group>";
		};
		61D54EB72D5492B10093FE17 /* BrunoAppIosUITests */ = {
			isa = PBXFileSystemSynchronizedRootGroup;
			path = BrunoAppIosUITests;
			sourceTree = "<group>";
		};
/* End PBXFileSystemSynchronizedRootGroup section */

/* Begin PBXFrameworksBuildPhase section */
		61D54E952D5492AF0093FE17 /* Frameworks */ = {
			isa = PBXFrameworksBuildPhase;
			buildActionMask = 2147483647;
			files = (
			);
			runOnlyForDeploymentPostprocessing = 0;
		};
		61D54EA72D5492B00093FE17 /* Frameworks */ = {
			isa = PBXFrameworksBuildPhase;
			buildActionMask = 2147483647;
			files = (
			);
			runOnlyForDeploymentPostprocessing = 0;
		};
		61D54EB12D5492B10093FE17 /* Frameworks */ = {
			isa = PBXFrameworksBuildPhase;
			buildActionMask = 2147483647;
			files = (
			);
			runOnlyForDeploymentPostprocessing = 0;
		};
/* End PBXFrameworksBuildPhase section */

/* Begin PBXGroup section */
		61D54E8F2D5492AF0093FE17 = {
			isa = PBXGroup;
			children = (
				61D54E9A2D5492AF0093FE17 /* BrunoAppIos */,
				61D54EAD2D5492B10093FE17 /* BrunoAppIosTests */,
				61D54EB72D5492B10093FE17 /* BrunoAppIosUITests */,
				61D54E992D5492AF0093FE17 /* Products */,
			);
			sourceTree = "<group>";
		};
		61D54E992D5492AF0093FE17 /* Products */ = {
			isa = PBXGroup;
			children = (
				61D54E982D5492AF0093FE17 /* BrunoAppIos.app */,
				61D54EAA2D5492B10093FE17 /* BrunoAppIosTests.xctest */,
				61D54EB42D5492B10093FE17 /* BrunoAppIosUITests.xctest */,
			);
			name = Products;
			sourceTree = "<group>";
		};
/* End PBXGroup section */

/* Begin PBXNativeTarget section */
		61D54E972D5492AF0093FE17 /* BrunoAppIos */ = {
			isa = PBXNativeTarget;
			buildConfigurationList = 61D54EBE2D5492B10093FE17 /* Build configuration list for PBXNativeTarget "BrunoAppIos" */;
			buildPhases = (
				61D54E942D5492AF0093FE17 /* Sources */,
				61D54E952D5492AF0093FE17 /* Frameworks */,
				61D54E962D5492AF0093FE17 /* Resources */,
			);
			buildRules = (
			);
			dependencies = (
			);
			fileSystemSynchronizedGroups = (
				61D54E9A2D5492AF0093FE17 /* BrunoAppIos */,
			);
			name = BrunoAppIos;
			packageProductDependencies = (
			);
			productName = BrunoAppIos;
			productReference = 61D54E982D5492AF0093FE17 /* BrunoAppIos.app */;
			productType = "com.apple.product-type.application";
		};
		61D54EA92D5492B00093FE17 /* BrunoAppIosTests */ = {
			isa = PBXNativeTarget;
			buildConfigurationList = 61D54EC12D5492B10093FE17 /* Build configuration list for PBXNativeTarget "BrunoAppIosTests" */;
			buildPhases = (
				61D54EA62D5492B00093FE17 /* Sources */,
				61D54EA72D5492B00093FE17 /* Frameworks */,
				61D54EA82D5492B00093FE17 /* Resources */,
			);
			buildRules = (
			);
			dependencies = (
				61D54EAC2D5492B10093FE17 /* PBXTargetDependency */,
			);
			fileSystemSynchronizedGroups = (
				61D54EAD2D5492B10093FE17 /* BrunoAppIosTests */,
			);
			name = BrunoAppIosTests;
			packageProductDependencies = (
			);
			productName = BrunoAppIosTests;
			productReference = 61D54EAA2D5492B10093FE17 /* BrunoAppIosTests.xctest */;
			productType = "com.apple.product-type.bundle.unit-test";
		};
		61D54EB32D5492B10093FE17 /* BrunoAppIosUITests */ = {
			isa = PBXNativeTarget;
			buildConfigurationList = 61D54EC42D5492B10093FE17 /* Build configuration list for PBXNativeTarget "BrunoAppIosUITests" */;
			buildPhases = (
				61D54EB02D5492B10093FE17 /* Sources */,
				61D54EB12D5492B10093FE17 /* Frameworks */,
				61D54EB22D5492B10093FE17 /* Resources */,
			);
			buildRules = (
			);
			dependencies = (
				61D54EB62D5492B10093FE17 /* PBXTargetDependency */,
			);
			fileSystemSynchronizedGroups = (
				61D54EB72D5492B10093FE17 /* BrunoAppIosUITests */,
			);
			name = BrunoAppIosUITests;
			packageProductDependencies = (
			);
			productName = BrunoAppIosUITests;
			productReference = 61D54EB42D5492B10093FE17 /* BrunoAppIosUITests.xctest */;
			productType = "com.apple.product-type.bundle.ui-testing";
		};
/* End PBXNativeTarget section */

/* Begin PBXProject section */
		61D54E902D5492AF0093FE17 /* Project object */ = {
			isa = PBXProject;
			attributes = {
				BuildIndependentTargetsInParallel = 1;
				LastSwiftUpdateCheck = 1620;
				LastUpgradeCheck = 1620;
				TargetAttributes = {
					61D54E972D5492AF0093FE17 = {
						CreatedOnToolsVersion = 16.2;
					};
					61D54EA92D5492B00093FE17 = {
						CreatedOnToolsVersion = 16.2;
						TestTargetID = 61D54E972D5492AF0093FE17;
					};
					61D54EB32D5492B10093FE17 = {
						CreatedOnToolsVersion = 16.2;
						TestTargetID = 61D54E972D5492AF0093FE17;
					};
				};
			};
			buildConfigurationList = 61D54E932D5492AF0093FE17 /* Build configuration list for PBXProject "BrunoAppIos" */;
			developmentRegion = en;
			hasScannedForEncodings = 0;
			knownRegions = (
				en,
				Base,
			);
			mainGroup = 61D54E8F2D5492AF0093FE17;
			minimizedProjectReferenceProxies = 1;
			preferredProjectObjectVersion = 77;
			productRefGroup = 61D54E992D5492AF0093FE17 /* Products */;
			projectDirPath = "";
			projectRoot = "";
			targets = (
				61D54E972D5492AF0093FE17 /* BrunoAppIos */,
				61D54EA92D5492B00093FE17 /* BrunoAppIosTests */,
				61D54EB32D5492B10093FE17 /* BrunoAppIosUITests */,
			);
		};
/* End PBXProject section */

/* Begin PBXResourcesBuildPhase section */
		61D54E962D5492AF0093FE17 /* Resources */ = {
			isa = PBXResourcesBuildPhase;
			buildActionMask = 2147483647;
			files = (
			);
			runOnlyForDeploymentPostprocessing = 0;
		};
		61D54EA82D5492B00093FE17 /* Resources */ = {
			isa = PBXResourcesBuildPhase;
			buildActionMask = 2147483647;
			files = (
			);
			runOnlyForDeploymentPostprocessing = 0;
		};
		61D54EB22D5492B10093FE17 /* Resources */ = {
			isa = PBXResourcesBuildPhase;
			buildActionMask = 2147483647;
			files = (
			);
			runOnlyForDeploymentPostprocessing = 0;
		};
/* End PBXResourcesBuildPhase section */

/* Begin PBXSourcesBuildPhase section */
		61D54E942D5492AF0093FE17 /* Sources */ = {
			isa = PBXSourcesBuildPhase;
			buildActionMask = 2147483647;
			files = (
			);
			runOnlyForDeploymentPostprocessing = 0;
		};
		61D54EA62D5492B00093FE17 /* Sources */ = {
			isa = PBXSourcesBuildPhase;
			buildActionMask = 2147483647;
			files = (
			);
			runOnlyForDeploymentPostprocessing = 0;
		};
		61D54EB02D5492B10093FE17 /* Sources */ = {
			isa = PBXSourcesBuildPhase;
			buildActionMask = 2147483647;
			files = (
			);
			runOnlyForDeploymentPostprocessing = 0;
		};
/* End PBXSourcesBuildPhase section */

/* Begin PBXTargetDependency section */
		61D54EAC2D5492B10093FE17 /* PBXTargetDependency */ = {
			isa = PBXTargetDependency;
			target = 61D54E972D5492AF0093FE17 /* BrunoAppIos */;
			targetProxy = 61D54EAB2D5492B10093FE17 /* PBXContainerItemProxy */;
		};
		61D54EB62D5492B10093FE17 /* PBXTargetDependency */ = {
			isa = PBXTargetDependency;
			target = 61D54E972D5492AF0093FE17 /* BrunoAppIos */;
			targetProxy = 61D54EB52D5492B10093FE17 /* PBXContainerItemProxy */;
		};
/* End PBXTargetDependency section */

/* Begin XCBuildConfiguration section */
		61D54EBC2D5492B10093FE17 /* Debug */ = {
			isa = XCBuildConfiguration;
			buildSettings = {
				ALWAYS_SEARCH_USER_PATHS = NO;
				ASSETCATALOG_COMPILER_GENERATE_SWIFT_ASSET_SYMBOL_EXTENSIONS = YES;
				CLANG_ANALYZER_NONNULL = YES;
				CLANG_ANALYZER_NUMBER_OBJECT_CONVERSION = YES_AGGRESSIVE;
				CLANG_CXX_LANGUAGE_STANDARD = "gnu++20";
				CLANG_ENABLE_MODULES = YES;
				CLANG_ENABLE_OBJC_ARC = YES;
				CLANG_ENABLE_OBJC_WEAK = YES;
				CLANG_WARN_BLOCK_CAPTURE_AUTORELEASING = YES;
				CLANG_WARN_BOOL_CONVERSION = YES;
				CLANG_WARN_COMMA = YES;
				CLANG_WARN_CONSTANT_CONVERSION = YES;
				CLANG_WARN_DEPRECATED_OBJC_IMPLEMENTATIONS = YES;
				CLANG_WARN_DIRECT_OBJC_ISA_USAGE = YES_ERROR;
				CLANG_WARN_DOCUMENTATION_COMMENTS = YES;
				CLANG_WARN_EMPTY_BODY = YES;
				CLANG_WARN_ENUM_CONVERSION = YES;
				CLANG_WARN_INFINITE_RECURSION = YES;
				CLANG_WARN_INT_CONVERSION = YES;
				CLANG_WARN_NON_LITERAL_NULL_CONVERSION = YES;
				CLANG_WARN_OBJC_IMPLICIT_RETAIN_SELF = YES;
				CLANG_WARN_OBJC_LITERAL_CONVERSION = YES;
				CLANG_WARN_OBJC_ROOT_CLASS = YES_ERROR;
				CLANG_WARN_QUOTED_INCLUDE_IN_FRAMEWORK_HEADER = YES;
				CLANG_WARN_RANGE_LOOP_ANALYSIS = YES;
				CLANG_WARN_STRICT_PROTOTYPES = YES;
				CLANG_WARN_SUSPICIOUS_MOVE = YES;
				CLANG_WARN_UNGUARDED_AVAILABILITY = YES_AGGRESSIVE;
				CLANG_WARN_UNREACHABLE_CODE = YES;
				CLANG_WARN__DUPLICATE_METHOD_MATCH = YES;
				COPY_PHASE_STRIP = NO;
				DEBUG_INFORMATION_FORMAT = dwarf;
				ENABLE_STRICT_OBJC_MSGSEND = YES;
				ENABLE_TESTABILITY = YES;
				ENABLE_USER_SCRIPT_SANDBOXING = YES;
				GCC_C_LANGUAGE_STANDARD = gnu17;
				GCC_DYNAMIC_NO_PIC = NO;
				GCC_NO_COMMON_BLOCKS = YES;
				GCC_OPTIMIZATION_LEVEL = 0;
				GCC_PREPROCESSOR_DEFINITIONS = (
					"DEBUG=1",
					"$(inherited)",
				);
				GCC_WARN_64_TO_32_BIT_CONVERSION = YES;
				GCC_WARN_ABOUT_RETURN_TYPE = YES_ERROR;
				GCC_WARN_UNDECLARED_SELECTOR = YES;
				GCC_WARN_UNINITIALIZED_AUTOS = YES_AGGRESSIVE;
				GCC_WARN_UNUSED_FUNCTION = YES;
				GCC_WARN_UNUSED_VARIABLE = YES;
				IPHONEOS_DEPLOYMENT_TARGET = 18.2;
				LOCALIZATION_PREFERS_STRING_CATALOGS = YES;
				MTL_ENABLE_DEBUG_INFO = INCLUDE_SOURCE;
				MTL_FAST_MATH = YES;
				ONLY_ACTIVE_ARCH = YES;
				SDKROOT = iphoneos;
				SWIFT_ACTIVE_COMPILATION_CONDITIONS = "DEBUG $(inherited)";
				SWIFT_OPTIMIZATION_LEVEL = "-Onone";
			};
			name = Debug;
		};
		61D54EBD2D5492B10093FE17 /* Release */ = {
			isa = XCBuildConfiguration;
			buildSettings = {
				ALWAYS_SEARCH_USER_PATHS = NO;
				ASSETCATALOG_COMPILER_GENERATE_SWIFT_ASSET_SYMBOL_EXTENSIONS = YES;
				CLANG_ANALYZER_NONNULL = YES;
				CLANG_ANALYZER_NUMBER_OBJECT_CONVERSION = YES_AGGRESSIVE;
				CLANG_CXX_LANGUAGE_STANDARD = "gnu++20";
				CLANG_ENABLE_MODULES = YES;
				CLANG_ENABLE_OBJC_ARC = YES;
				CLANG_ENABLE_OBJC_WEAK = YES;
				CLANG_WARN_BLOCK_CAPTURE_AUTORELEASING = YES;
				CLANG_WARN_BOOL_CONVERSION = YES;
				CLANG_WARN_COMMA = YES;
				CLANG_WARN_CONSTANT_CONVERSION = YES;
				CLANG_WARN_DEPRECATED_OBJC_IMPLEMENTATIONS = YES;
				CLANG_WARN_DIRECT_OBJC_ISA_USAGE = YES_ERROR;
				CLANG_WARN_DOCUMENTATION_COMMENTS = YES;
				CLANG_WARN_EMPTY_BODY = YES;
				CLANG_WARN_ENUM_CONVERSION = YES;
				CLANG_WARN_INFINITE_RECURSION = YES;
				CLANG_WARN_INT_CONVERSION = YES;
				CLANG_WARN_NON_LITERAL_NULL_CONVERSION = YES;
				CLANG_WARN_OBJC_IMPLICIT_RETAIN_SELF = YES;
				CLANG_WARN_OBJC_LITERAL_CONVERSION = YES;
				CLANG_WARN_OBJC_ROOT_CLASS = YES_ERROR;
				CLANG_WARN_QUOTED_INCLUDE_IN_FRAMEWORK_HEADER = YES;
				CLANG_WARN_RANGE_LOOP_ANALYSIS = YES;
				CLANG_WARN_STRICT_PROTOTYPES = YES;
				CLANG_WARN_SUSPICIOUS_MOVE = YES;
				CLANG_WARN_UNGUARDED_AVAILABILITY = YES_AGGRESSIVE;
				CLANG_WARN_UNREACHABLE_CODE = YES;
				CLANG_WARN__DUPLICATE_METHOD_MATCH = YES;
				COPY_PHASE_STRIP = NO;
				DEBUG_INFORMATION_FORMAT = "dwarf-with-dsym";
				ENABLE_NS_ASSERTIONS = NO;
				ENABLE_STRICT_OBJC_MSGSEND = YES;
				ENABLE_USER_SCRIPT_SANDBOXING = YES;
				GCC_C_LANGUAGE_STANDARD = gnu17;
				GCC_NO_COMMON_BLOCKS = YES;
				GCC_WARN_64_TO_32_BIT_CONVERSION = YES;
				GCC_WARN_ABOUT_RETURN_TYPE = YES_ERROR;
				GCC_WARN_UNDECLARED_SELECTOR = YES;
				GCC_WARN_UNINITIALIZED_AUTOS = YES_AGGRESSIVE;
				GCC_WARN_UNUSED_FUNCTION = YES;
				GCC_WARN_UNUSED_VARIABLE = YES;
				IPHONEOS_DEPLOYMENT_TARGET = 18.2;
				LOCALIZATION_PREFERS_STRING_CATALOGS = YES;
				MTL_ENABLE_DEBUG_INFO = NO;
				MTL_FAST_MATH = YES;
				SDKROOT = iphoneos;
				SWIFT_COMPILATION_MODE = wholemodule;
				VALIDATE_PRODUCT = YES;
			};
			name = Release;
		};
		61D54EBF2D5492B10093FE17 /* Debug */ = {
			isa = XCBuildConfiguration;
			buildSettings = {
				ASSETCATALOG_COMPILER_APPICON_NAME = AppIcon;
				ASSETCATALOG_COMPILER_GLOBAL_ACCENT_COLOR_NAME = AccentColor;
				CODE_SIGN_STYLE = Automatic;
				CURRENT_PROJECT_VERSION = 1;
				DEVELOPMENT_ASSET_PATHS = "\"BrunoAppIos/Preview Content\"";
				DEVELOPMENT_TEAM = SCXP5HAC2J;
				ENABLE_PREVIEWS = YES;
				GENERATE_INFOPLIST_FILE = YES;
				INFOPLIST_KEY_UIApplicationSceneManifest_Generation = YES;
				INFOPLIST_KEY_UIApplicationSupportsIndirectInputEvents = YES;
				INFOPLIST_KEY_UILaunchScreen_Generation = YES;
				INFOPLIST_KEY_UISupportedInterfaceOrientations_iPad = "UIInterfaceOrientationPortrait UIInterfaceOrientationPortraitUpsideDown UIInterfaceOrientationLandscapeLeft UIInterfaceOrientationLandscapeRight";
				INFOPLIST_KEY_UISupportedInterfaceOrientations_iPhone = "UIInterfaceOrientationPortrait UIInterfaceOrientationLandscapeLeft UIInterfaceOrientationLandscapeRight";
				LD_RUNPATH_SEARCH_PATHS = (
					"$(inherited)",
					"@executable_path/Frameworks",
				);
				MARKETING_VERSION = 1.0;
				PRODUCT_BUNDLE_IDENTIFIER = io.bruno.BrunoAppIos;
				PRODUCT_NAME = "$(TARGET_NAME)";
				SWIFT_EMIT_LOC_STRINGS = YES;
				SWIFT_VERSION = 5.0;
				TARGETED_DEVICE_FAMILY = "1,2";
			};
			name = Debug;
		};
		61D54EC02D5492B10093FE17 /* Release */ = {
			isa = XCBuildConfiguration;
			buildSettings = {
				ASSETCATALOG_COMPILER_APPICON_NAME = AppIcon;
				ASSETCATALOG_COMPILER_GLOBAL_ACCENT_COLOR_NAME = AccentColor;
				CODE_SIGN_STYLE = Automatic;
				CURRENT_PROJECT_VERSION = 1;
				DEVELOPMENT_ASSET_PATHS = "\"BrunoAppIos/Preview Content\"";
				DEVELOPMENT_TEAM = SCXP5HAC2J;
				ENABLE_PREVIEWS = YES;
				GENERATE_INFOPLIST_FILE = YES;
				INFOPLIST_KEY_UIApplicationSceneManifest_Generation = YES;
				INFOPLIST_KEY_UIApplicationSupportsIndirectInputEvents = YES;
				INFOPLIST_KEY_UILaunchScreen_Generation = YES;
				INFOPLIST_KEY_UISupportedInterfaceOrientations_iPad = "UIInterfaceOrientationPortrait UIInterfaceOrientationPortraitUpsideDown UIInterfaceOrientationLandscapeLeft UIInterfaceOrientationLandscapeRight";
				INFOPLIST_KEY_UISupportedInterfaceOrientations_iPhone = "UIInterfaceOrientationPortrait UIInterfaceOrientationLandscapeLeft UIInterfaceOrientationLandscapeRight";
				LD_RUNPATH_SEARCH_PATHS = (
					"$(inherited)",
					"@executable_path/Frameworks",
				);
				MARKETING_VERSION = 1.0;
				PRODUCT_BUNDLE_IDENTIFIER = io.bruno.BrunoAppIos;
				PRODUCT_NAME = "$(TARGET_NAME)";
				SWIFT_EMIT_LOC_STRINGS = YES;
				SWIFT_VERSION = 5.0;
				TARGETED_DEVICE_FAMILY = "1,2";
			};
			name = Release;
		};
		61D54EC22D5492B10093FE17 /* Debug */ = {
			isa = XCBuildConfiguration;
			buildSettings = {
				BUNDLE_LOADER = "$(TEST_HOST)";
				CODE_SIGN_STYLE = Automatic;
				CURRENT_PROJECT_VERSION = 1;
				GENERATE_INFOPLIST_FILE = YES;
				IPHONEOS_DEPLOYMENT_TARGET = 18.2;
				MARKETING_VERSION = 1.0;
				PRODUCT_BUNDLE_IDENTIFIER = io.bruno.BrunoAppIosTests;
				PRODUCT_NAME = "$(TARGET_NAME)";
				SWIFT_EMIT_LOC_STRINGS = NO;
				SWIFT_VERSION = 5.0;
				TARGETED_DEVICE_FAMILY = "1,2";
				TEST_HOST = "$(BUILT_PRODUCTS_DIR)/BrunoAppIos.app/$(BUNDLE_EXECUTABLE_FOLDER_PATH)/BrunoAppIos";
			};
			name = Debug;
		};
		61D54EC32D5492B10093FE17 /* Release */ = {
			isa = XCBuildConfiguration;
			buildSettings = {
				BUNDLE_LOADER = "$(TEST_HOST)";
				CODE_SIGN_STYLE = Automatic;
				CURRENT_PROJECT_VERSION = 1;
				GENERATE_INFOPLIST_FILE = YES;
				IPHONEOS_DEPLOYMENT_TARGET = 18.2;
				MARKETING_VERSION = 1.0;
				PRODUCT_BUNDLE_IDENTIFIER = io.bruno.BrunoAppIosTests;
				PRODUCT_NAME = "$(TARGET_NAME)";
				SWIFT_EMIT_LOC_STRINGS = NO;
				SWIFT_VERSION = 5.0;
				TARGETED_DEVICE_FAMILY = "1,2";
				TEST_HOST = "$(BUILT_PRODUCTS_DIR)/BrunoAppIos.app/$(BUNDLE_EXECUTABLE_FOLDER_PATH)/BrunoAppIos";
			};
			name = Release;
		};
		61D54EC52D5492B10093FE17 /* Debug */ = {
			isa = XCBuildConfiguration;
			buildSettings = {
				CODE_SIGN_STYLE = Automatic;
				CURRENT_PROJECT_VERSION = 1;
				GENERATE_INFOPLIST_FILE = YES;
				MARKETING_VERSION = 1.0;
				PRODUCT_BUNDLE_IDENTIFIER = io.bruno.BrunoAppIosUITests;
				PRODUCT_NAME = "$(TARGET_NAME)";
				SWIFT_EMIT_LOC_STRINGS = NO;
				SWIFT_VERSION = 5.0;
				TARGETED_DEVICE_FAMILY = "1,2";
				TEST_TARGET_NAME = BrunoAppIos;
			};
			name = Debug;
		};
		61D54EC62D5492B10093FE17 /* Release */ = {
			isa = XCBuildConfiguration;
			buildSettings = {
				CODE_SIGN_STYLE = Automatic;
				CURRENT_PROJECT_VERSION = 1;
				GENERATE_INFOPLIST_FILE = YES;
				MARKETING_VERSION = 1.0;
				PRODUCT_BUNDLE_IDENTIFIER = io.bruno.BrunoAppIosUITests;
				PRODUCT_NAME = "$(TARGET_NAME)";
				SWIFT_EMIT_LOC_STRINGS = NO;
				SWIFT_VERSION = 5.0;
				TARGETED_DEVICE_FAMILY = "1,2";
				TEST_TARGET_NAME = BrunoAppIos;
			};
			name = Release;
		};
/* End XCBuildConfiguration section */

/* Begin XCConfigurationList section */
		61D54E932D5492AF0093FE17 /* Build configuration list for PBXProject "BrunoAppIos" */ = {
			isa = XCConfigurationList;
			buildConfigurations = (
				61D54EBC2D5492B10093FE17 /* Debug */,
				61D54EBD2D5492B10093FE17 /* Release */,
			);
			defaultConfigurationIsVisible = 0;
			defaultConfigurationName = Release;
		};
		61D54EBE2D5492B10093FE17 /* Build configuration list for PBXNativeTarget "BrunoAppIos" */ = {
			isa = XCConfigurationList;
			buildConfigurations = (
				61D54EBF2D5492B10093FE17 /* Debug */,
				61D54EC02D5492B10093FE17 /* Release */,
			);
			defaultConfigurationIsVisible = 0;
			defaultConfigurationName = Release;
		};
		61D54EC12D5492B10093FE17 /* Build configuration list for PBXNativeTarget "BrunoAppIosTests" */ = {
			isa = XCConfigurationList;
			buildConfigurations = (
				61D54EC22D5492B10093FE17 /* Debug */,
				61D54EC32D5492B10093FE17 /* Release */,
			);
			defaultConfigurationIsVisible = 0;
			defaultConfigurationName = Release;
		};
		61D54EC42D5492B10093FE17 /* Build configuration list for PBXNativeTarget "BrunoAppIosUITests" */ = {
			isa = XCConfigurationList;
			buildConfigurations = (
				61D54EC52D5492B10093FE17 /* Debug */,
				61D54EC62D5492B10093FE17 /* Release */,
			);
			defaultConfigurationIsVisible = 0;
			defaultConfigurationName = Release;
		};
/* End XCConfigurationList section */
	};
	rootObject = 61D54E902D5492AF0093FE17 /* Project object */;
}
